
Microsoft Visual Studio Solution File, Format Version 12.00
# Visual Studio Version 17
VisualStudioVersion = 17.2.32616.157
MinimumVisualStudioVersion = 10.0.40219.1
Project("{FAE04EC0-301F-11D3-BF4B-00C04F79EFBC}") = "HtmlEngine", "HtmlEngine.csproj", "{1B3315B0-B479-4331-B0AA-868249F0F990}"
EndProject
Project("{FAE04EC0-301F-11D3-BF4B-00C04F79EFBC}") = "HtmlEngineLibrary", "..\HtmlEngineLibrary\HtmlEngineLibrary.csproj", "{4CC89EDE-498C-4273-8833-C3A03117E68F}"
EndProject
Global
	GlobalSection(SolutionConfigurationPlatforms) = preSolution
		Debug|Any CPU = Debug|Any CPU
		Release|Any CPU = Release|Any CPU
	EndGlobalSection
	GlobalSection(ProjectConfigurationPlatforms) = postSolution
		{1B3315B0-B479-4331-B0AA-868249F0F990}.Debug|Any CPU.ActiveCfg = Debug|Any CPU
		{1B3315B0-B479-4331-B0AA-868249F0F990}.Debug|Any CPU.Build.0 = Debug|Any CPU
		{1B3315B0-B479-4331-B0AA-868249F0F990}.Release|Any CPU.ActiveCfg = Release|Any CPU
		{1B3315B0-B479-4331-B0AA-868249F0F990}.Release|Any CPU.Build.0 = Release|Any CPU
		{4CC89EDE-498C-4273-8833-C3A03117E68F}.Debug|Any CPU.ActiveCfg = Debug|Any CPU
		{4CC89EDE-498C-4273-8833-C3A03117E68F}.Debug|Any CPU.Build.0 = Debug|Any CPU
		{4CC89EDE-498C-4273-8833-C3A03117E68F}.Release|Any CPU.ActiveCfg = Release|Any CPU
		{4CC89EDE-498C-4273-8833-C3A03117E68F}.Release|Any CPU.Build.0 = Release|Any CPU
	EndGlobalSection
	GlobalSection(SolutionProperties) = preSolution
		HideSolutionNode = FALSE
	EndGlobalSection
	GlobalSection(ExtensibilityGlobals) = postSolution
		SolutionGuid = {9F7FEB33-10A9-47AB-9984-3D1296E492FB}
	EndGlobalSection
EndGlobal
